
Microsoft Visual Studio Solution File, Format Version 12.00
# Visual Studio Version 17
VisualStudioVersion = 17.8.34330.188
MinimumVisualStudioVersion = 10.0.40219.1
Project("{FAE04EC0-301F-11D3-BF4B-00C04F79EFBC}") = "MicroservicesWithCQRSDesignPattern", "MicroservicesWithCQRSDesignPattern.csproj", "{6A8F63D2-D5B2-4E9B-B4B8-EECE19218FB8}"
EndProject
Global
	GlobalSection(SolutionConfigurationPlatforms) = preSolution
		Debug|Any CPU = Debug|Any CPU
		Release|Any CPU = Release|Any CPU
	EndGlobalSection
	GlobalSection(ProjectConfigurationPlatforms) = postSolution
		{6A8F63D2-D5B2-4E9B-B4B8-EECE19218FB8}.Debug|Any CPU.ActiveCfg = Debug|Any CPU
		{6A8F63D2-D5B2-4E9B-B4B8-EECE19218FB8}.Debug|Any CPU.Build.0 = Debug|Any CPU
		{6A8F63D2-D5B2-4E9B-B4B8-EECE19218FB8}.Release|Any CPU.ActiveCfg = Release|Any CPU
		{6A8F63D2-D5B2-4E9B-B4B8-EECE19218FB8}.Release|Any CPU.Build.0 = Release|Any CPU
	EndGlobalSection
	GlobalSection(SolutionProperties) = preSolution
		HideSolutionNode = FALSE
	EndGlobalSection
	GlobalSection(ExtensibilityGlobals) = postSolution
		SolutionGuid = {0EF53AE5-405E-4027-BB60-63140CB90E20}
	EndGlobalSection
EndGlobal
